
Microsoft Visual Studio Solution File, Format Version 12.00
# Visual Studio 2013
VisualStudioVersion = 12.0.31101.0
MinimumVisualStudioVersion = 10.0.40219.1
Project("{FAE04EC0-301F-11D3-BF4B-00C04F79EFBC}") = "UnitTestInitialization", "UnitTestInitialization\UnitTestInitialization.csproj", "{3732A877-CA4D-4834-9097-C726773ABAD6}"
EndProject
Project("{2150E333-8FDC-42A3-9474-1A3956D46DE8}") = ".nuget", ".nuget", "{2AB11FAD-A0B4-403E-8183-8B82CC52DF64}"
	ProjectSection(SolutionItems) = preProject
		.nuget\NuGet.Config = .nuget\NuGet.Config
		.nuget\NuGet.exe = .nuget\NuGet.exe
		.nuget\NuGet.targets = .nuget\NuGet.targets
	EndProjectSection
EndProject
Global
	GlobalSection(SolutionConfigurationPlatforms) = preSolution
		Debug|Any CPU = Debug|Any CPU
		Release|Any CPU = Release|Any CPU
	EndGlobalSection
	GlobalSection(ProjectConfigurationPlatforms) = postSolution
		{3732A877-CA4D-4834-9097-C726773ABAD6}.Debug|Any CPU.ActiveCfg = Debug|Any CPU
		{3732A877-CA4D-4834-9097-C726773ABAD6}.Debug|Any CPU.Build.0 = Debug|Any CPU
		{3732A877-CA4D-4834-9097-C726773ABAD6}.Release|Any CPU.ActiveCfg = Release|Any CPU
		{3732A877-CA4D-4834-9097-C726773ABAD6}.Release|Any CPU.Build.0 = Release|Any CPU
	EndGlobalSection
	GlobalSection(SolutionProperties) = preSolution
		HideSolutionNode = FALSE
	EndGlobalSection
EndGlobal
