
Microsoft Visual Studio Solution File, Format Version 12.00
# Visual Studio 14
VisualStudioVersion = 14.0.22129.1
MinimumVisualStudioVersion = 10.0.40219.1
Project("{FAE04EC0-301F-11D3-BF4B-00C04F79EFBC}") = "EntityFrameworkModelMismatch", "EntityFrameworkModelMismatch.csproj", "{01BC0D97-6EA9-43A3-B9F0-3B5763A1A02E}"
EndProject
Project("{FAE04EC0-301F-11D3-BF4B-00C04F79EFBC}") = "DbGenerator", "..\DbGenerator\DbGenerator.csproj", "{6115DE86-5EB0-4987-8858-953E1EC54EE8}"
EndProject
Global
	GlobalSection(SolutionConfigurationPlatforms) = preSolution
		Debug|Any CPU = Debug|Any CPU
		Release|Any CPU = Release|Any CPU
	EndGlobalSection
	GlobalSection(ProjectConfigurationPlatforms) = postSolution
		{01BC0D97-6EA9-43A3-B9F0-3B5763A1A02E}.Debug|Any CPU.ActiveCfg = Debug|Any CPU
		{01BC0D97-6EA9-43A3-B9F0-3B5763A1A02E}.Debug|Any CPU.Build.0 = Debug|Any CPU
		{01BC0D97-6EA9-43A3-B9F0-3B5763A1A02E}.Release|Any CPU.ActiveCfg = Release|Any CPU
		{01BC0D97-6EA9-43A3-B9F0-3B5763A1A02E}.Release|Any CPU.Build.0 = Release|Any CPU
		{6115DE86-5EB0-4987-8858-953E1EC54EE8}.Debug|Any CPU.ActiveCfg = Debug|Any CPU
		{6115DE86-5EB0-4987-8858-953E1EC54EE8}.Debug|Any CPU.Build.0 = Debug|Any CPU
		{6115DE86-5EB0-4987-8858-953E1EC54EE8}.Release|Any CPU.ActiveCfg = Release|Any CPU
		{6115DE86-5EB0-4987-8858-953E1EC54EE8}.Release|Any CPU.Build.0 = Release|Any CPU
	EndGlobalSection
	GlobalSection(SolutionProperties) = preSolution
		HideSolutionNode = FALSE
	EndGlobalSection
EndGlobal
